
Microsoft Visual Studio Solution File, Format Version 12.00
# Visual Studio Version 17
VisualStudioVersion = 17.0.32014.148
MinimumVisualStudioVersion = 10.0.40219.1
Project("{9A19103F-16F7-4668-BE54-9A1E7A4F7556}") = "WebAppTp2", "WebAppTp2\WebAppTp2.csproj", "{7BE5EDCF-62C3-45C9-B12A-0EFA2E25A624}"
EndProject
Project("{9A19103F-16F7-4668-BE54-9A1E7A4F7556}") = "TpCRUDMVCScolariteSuivi", "TpCRUDMVCScolariteSuivi\TpCRUDMVCScolariteSuivi.csproj", "{2C04902D-157F-4E24-A258-C852A40379AA}"
EndProject
Project("{9A19103F-16F7-4668-BE54-9A1E7A4F7556}") = "ConsoleSms", "ConsoleSms\ConsoleSms.csproj", "{05552E32-9AC1-4019-8E2B-14099214C7CD}"
EndProject
Global
	GlobalSection(SolutionConfigurationPlatforms) = preSolution
		Debug|Any CPU = Debug|Any CPU
		Release|Any CPU = Release|Any CPU
	EndGlobalSection
	GlobalSection(ProjectConfigurationPlatforms) = postSolution
		{7BE5EDCF-62C3-45C9-B12A-0EFA2E25A624}.Debug|Any CPU.ActiveCfg = Debug|Any CPU
		{7BE5EDCF-62C3-45C9-B12A-0EFA2E25A624}.Debug|Any CPU.Build.0 = Debug|Any CPU
		{7BE5EDCF-62C3-45C9-B12A-0EFA2E25A624}.Release|Any CPU.ActiveCfg = Release|Any CPU
		{7BE5EDCF-62C3-45C9-B12A-0EFA2E25A624}.Release|Any CPU.Build.0 = Release|Any CPU
		{2C04902D-157F-4E24-A258-C852A40379AA}.Debug|Any CPU.ActiveCfg = Debug|Any CPU
		{2C04902D-157F-4E24-A258-C852A40379AA}.Debug|Any CPU.Build.0 = Debug|Any CPU
		{2C04902D-157F-4E24-A258-C852A40379AA}.Release|Any CPU.ActiveCfg = Release|Any CPU
		{2C04902D-157F-4E24-A258-C852A40379AA}.Release|Any CPU.Build.0 = Release|Any CPU
		{05552E32-9AC1-4019-8E2B-14099214C7CD}.Debug|Any CPU.ActiveCfg = Debug|Any CPU
		{05552E32-9AC1-4019-8E2B-14099214C7CD}.Debug|Any CPU.Build.0 = Debug|Any CPU
		{05552E32-9AC1-4019-8E2B-14099214C7CD}.Release|Any CPU.ActiveCfg = Release|Any CPU
		{05552E32-9AC1-4019-8E2B-14099214C7CD}.Release|Any CPU.Build.0 = Release|Any CPU
	EndGlobalSection
	GlobalSection(SolutionProperties) = preSolution
		HideSolutionNode = FALSE
	EndGlobalSection
	GlobalSection(ExtensibilityGlobals) = postSolution
		SolutionGuid = {6E082132-D2FE-4210-B230-AEC527255188}
	EndGlobalSection
EndGlobal
